<Solution>
  <Folder Name="/src/">
    <Project Path="src/Poker.Api/Poker.Api.csproj" />
    <Project Path="src/Poker.Application/Poker.Application.csproj" />
    <Project Path="src/Poker.Domain/Poker.Domain.csproj" />
    <Project Path="src/Poker.GameEngine/Poker.GameEngine.csproj" />
    <Project Path="src/Poker.Infrastructure/Poker.Infrastructure.csproj" />
  </Folder>
  <Folder Name="/tests/">
    <Project Path="tests/Poker.Api.Tests/Poker.Api.Tests.csproj" />
    <Project Path="tests/Poker.Application.Tests/Poker.Application.Tests.csproj" />
    <Project Path="tests/Poker.GameEngine.Tests/Poker.GameEngine.Tests.csproj" />
  </Folder>
</Solution>
